
Microsoft Visual Studio Solution File, Format Version 12.00
# Visual Studio Version 17
VisualStudioVersion = 17.14.36212.18
MinimumVisualStudioVersion = 10.0.40219.1
Project("{2150E333-8FDC-42A3-9474-1A3956D46DE8}") = "src", "src", "{02EA681E-C7D8-13C7-8484-4AC65E1B71E8}"
EndProject
Project("{FAE04EC0-301F-11D3-BF4B-00C04F79EFBC}") = "AccountingLedgerSystem.API", "src\AccountingLedgerSystem.API\AccountingLedgerSystem.API.csproj", "{AC09307E-CDA3-42B3-90FC-85C21F76E380}"
EndProject
Project("{FAE04EC0-301F-11D3-BF4B-00C04F79EFBC}") = "AccountingLedgerSystem.Application", "src\AccountingLedgerSystem.Application\AccountingLedgerSystem.Application.csproj", "{C9664E1F-AF3B-469E-830A-C4AA4B3E3719}"
EndProject
Project("{FAE04EC0-301F-11D3-BF4B-00C04F79EFBC}") = "AccountingLedgerSystem.Infrastructure", "src\AccountingLedgerSystem.Infrastructure\AccountingLedgerSystem.Infrastructure.csproj", "{4CC70379-8D61-48A6-9462-BC1D2DFEBF0A}"
EndProject
Project("{FAE04EC0-301F-11D3-BF4B-00C04F79EFBC}") = "AccountingLedgerSystem.Shared", "src\AccountingLedgerSystem.Shared\AccountingLedgerSystem.Shared.csproj", "{EA87ABA5-521D-4258-989E-F302AC469018}"
EndProject
Project("{54A90642-561A-4BB1-A94E-469ADEE60C69}") = "accountingledgersystem.ui", "src\AccountingLedgerSystem.UI\accountingledgersystem.ui.esproj", "{2EE7DA1D-519A-5737-A6AB-18C25F5BB6C1}"
EndProject
Project("{FAE04EC0-301F-11D3-BF4B-00C04F79EFBC}") = "AccountingLedgerSystem.Core", "src\AccountingLedgerSystem.Domain\AccountingLedgerSystem.Core.csproj", "{EEA6E79E-8B04-4A0F-B18A-3CEF8C039EF8}"
EndProject
Project("{00D1A9C2-B5F0-4AF3-8072-F6C62B433612}") = "AccountingLedgerSystem.Database", "src\AccountingLedgerSystem.Database\AccountingLedgerSystem.Database.sqlproj", "{E68B1A4A-DD67-4BF4-9C85-576D0004CB75}"
EndProject
Global
	GlobalSection(SolutionConfigurationPlatforms) = preSolution
		Debug|Any CPU = Debug|Any CPU
		Release|Any CPU = Release|Any CPU
	EndGlobalSection
	GlobalSection(ProjectConfigurationPlatforms) = postSolution
		{AC09307E-CDA3-42B3-90FC-85C21F76E380}.Debug|Any CPU.ActiveCfg = Debug|Any CPU
		{AC09307E-CDA3-42B3-90FC-85C21F76E380}.Debug|Any CPU.Build.0 = Debug|Any CPU
		{AC09307E-CDA3-42B3-90FC-85C21F76E380}.Release|Any CPU.ActiveCfg = Release|Any CPU
		{AC09307E-CDA3-42B3-90FC-85C21F76E380}.Release|Any CPU.Build.0 = Release|Any CPU
		{C9664E1F-AF3B-469E-830A-C4AA4B3E3719}.Debug|Any CPU.ActiveCfg = Debug|Any CPU
		{C9664E1F-AF3B-469E-830A-C4AA4B3E3719}.Debug|Any CPU.Build.0 = Debug|Any CPU
		{C9664E1F-AF3B-469E-830A-C4AA4B3E3719}.Release|Any CPU.ActiveCfg = Release|Any CPU
		{C9664E1F-AF3B-469E-830A-C4AA4B3E3719}.Release|Any CPU.Build.0 = Release|Any CPU
		{4CC70379-8D61-48A6-9462-BC1D2DFEBF0A}.Debug|Any CPU.ActiveCfg = Debug|Any CPU
		{4CC70379-8D61-48A6-9462-BC1D2DFEBF0A}.Debug|Any CPU.Build.0 = Debug|Any CPU
		{4CC70379-8D61-48A6-9462-BC1D2DFEBF0A}.Release|Any CPU.ActiveCfg = Release|Any CPU
		{4CC70379-8D61-48A6-9462-BC1D2DFEBF0A}.Release|Any CPU.Build.0 = Release|Any CPU
		{EA87ABA5-521D-4258-989E-F302AC469018}.Debug|Any CPU.ActiveCfg = Debug|Any CPU
		{EA87ABA5-521D-4258-989E-F302AC469018}.Debug|Any CPU.Build.0 = Debug|Any CPU
		{EA87ABA5-521D-4258-989E-F302AC469018}.Release|Any CPU.ActiveCfg = Release|Any CPU
		{EA87ABA5-521D-4258-989E-F302AC469018}.Release|Any CPU.Build.0 = Release|Any CPU
		{2EE7DA1D-519A-5737-A6AB-18C25F5BB6C1}.Debug|Any CPU.ActiveCfg = Debug|Any CPU
		{2EE7DA1D-519A-5737-A6AB-18C25F5BB6C1}.Debug|Any CPU.Build.0 = Debug|Any CPU
		{2EE7DA1D-519A-5737-A6AB-18C25F5BB6C1}.Debug|Any CPU.Deploy.0 = Debug|Any CPU
		{2EE7DA1D-519A-5737-A6AB-18C25F5BB6C1}.Release|Any CPU.ActiveCfg = Release|Any CPU
		{2EE7DA1D-519A-5737-A6AB-18C25F5BB6C1}.Release|Any CPU.Build.0 = Release|Any CPU
		{2EE7DA1D-519A-5737-A6AB-18C25F5BB6C1}.Release|Any CPU.Deploy.0 = Release|Any CPU
		{EEA6E79E-8B04-4A0F-B18A-3CEF8C039EF8}.Debug|Any CPU.ActiveCfg = Debug|Any CPU
		{EEA6E79E-8B04-4A0F-B18A-3CEF8C039EF8}.Debug|Any CPU.Build.0 = Debug|Any CPU
		{EEA6E79E-8B04-4A0F-B18A-3CEF8C039EF8}.Release|Any CPU.ActiveCfg = Release|Any CPU
		{EEA6E79E-8B04-4A0F-B18A-3CEF8C039EF8}.Release|Any CPU.Build.0 = Release|Any CPU
		{E68B1A4A-DD67-4BF4-9C85-576D0004CB75}.Debug|Any CPU.ActiveCfg = Debug|Any CPU
		{E68B1A4A-DD67-4BF4-9C85-576D0004CB75}.Debug|Any CPU.Build.0 = Debug|Any CPU
		{E68B1A4A-DD67-4BF4-9C85-576D0004CB75}.Debug|Any CPU.Deploy.0 = Debug|Any CPU
		{E68B1A4A-DD67-4BF4-9C85-576D0004CB75}.Release|Any CPU.ActiveCfg = Release|Any CPU
		{E68B1A4A-DD67-4BF4-9C85-576D0004CB75}.Release|Any CPU.Build.0 = Release|Any CPU
		{E68B1A4A-DD67-4BF4-9C85-576D0004CB75}.Release|Any CPU.Deploy.0 = Release|Any CPU
	EndGlobalSection
	GlobalSection(SolutionProperties) = preSolution
		HideSolutionNode = FALSE
	EndGlobalSection
	GlobalSection(NestedProjects) = preSolution
		{AC09307E-CDA3-42B3-90FC-85C21F76E380} = {02EA681E-C7D8-13C7-8484-4AC65E1B71E8}
		{C9664E1F-AF3B-469E-830A-C4AA4B3E3719} = {02EA681E-C7D8-13C7-8484-4AC65E1B71E8}
		{4CC70379-8D61-48A6-9462-BC1D2DFEBF0A} = {02EA681E-C7D8-13C7-8484-4AC65E1B71E8}
		{EA87ABA5-521D-4258-989E-F302AC469018} = {02EA681E-C7D8-13C7-8484-4AC65E1B71E8}
		{2EE7DA1D-519A-5737-A6AB-18C25F5BB6C1} = {02EA681E-C7D8-13C7-8484-4AC65E1B71E8}
		{EEA6E79E-8B04-4A0F-B18A-3CEF8C039EF8} = {02EA681E-C7D8-13C7-8484-4AC65E1B71E8}
		{E68B1A4A-DD67-4BF4-9C85-576D0004CB75} = {02EA681E-C7D8-13C7-8484-4AC65E1B71E8}
	EndGlobalSection
	GlobalSection(ExtensibilityGlobals) = postSolution
		SolutionGuid = {807782D3-EA44-4E97-8B04-C370D612B555}
	EndGlobalSection
EndGlobal
